// !$*UTF8*$!
{
	archiveVersion = 1;
	classes = {
	};
	objectVersion = 56;
	objects = {

/* Begin PBXBuildFile section */
		78C996BD2C6CDAAE00F5B261 /* BMI_BMR_CalculatorAppApp.swift in Sources */ = {isa = PBXBuildFile; fileRef = 78C996BC2C6CDAAE00F5B261 /* BMI_BMR_CalculatorAppApp.swift */; };
		78C996BF2C6CDAAE00F5B261 /* ContentView.swift in Sources */ = {isa = PBXBuildFile; fileRef = 78C996BE2C6CDAAE00F5B261 /* ContentView.swift */; };
		78C996C12C6CDAB000F5B261 /* Assets.xcassets in Resources */ = {isa = PBXBuildFile; fileRef = 78C996C02C6CDAB000F5B261 /* Assets.xcassets */; };
		78C996C42C6CDAB000F5B261 /* Preview Assets.xcassets in Resources */ = {isa = PBXBuildFile; fileRef = 78C996C32C6CDAB000F5B261 /* Preview Assets.xcassets */; };
		78C996CC2C6CDB7100F5B261 /* CalculatorView.swift in Sources */ = {isa = PBXBuildFile; fileRef = 78C996CB2C6CDB7100F5B261 /* CalculatorView.swift */; };
		78C996CE2C6D934800F5B261 /* ResultView.swift in Sources */ = {isa = PBXBuildFile; fileRef = 78C996CD2C6D934800F5B261 /* ResultView.swift */; };
		78C996D12C6DAABE00F5B261 /* BMIModel.swift in Sources */ = {isa = PBXBuildFile; fileRef = 78C996D02C6DAABE00F5B261 /* BMIModel.swift */; };
		78C996D32C6DB0AE00F5B261 /* BMRModel.swift in Sources */ = {isa = PBXBuildFile; fileRef = 78C996D22C6DB0AE00F5B261 /* BMRModel.swift */; };
		78C996D62C6DB4A300F5B261 /* CalculatorViewModel.swift in Sources */ = {isa = PBXBuildFile; fileRef = 78C996D52C6DB4A300F5B261 /* CalculatorViewModel.swift */; };
/* End PBXBuildFile section */

/* Begin PBXFileReference section */
		78C996B92C6CDAAE00F5B261 /* BMI-BMR-CalculatorApp.app */ = {isa = PBXFileReference; explicitFileType = wrapper.application; includeInIndex = 0; path = "BMI-BMR-CalculatorApp.app"; sourceTree = BUILT_PRODUCTS_DIR; };
		78C996BC2C6CDAAE00F5B261 /* BMI_BMR_CalculatorAppApp.swift */ = {isa = PBXFileReference; lastKnownFileType = sourcecode.swift; path = BMI_BMR_CalculatorAppApp.swift; sourceTree = "<group>"; };
		78C996BE2C6CDAAE00F5B261 /* ContentView.swift */ = {isa = PBXFileReference; lastKnownFileType = sourcecode.swift; path = ContentView.swift; sourceTree = "<group>"; };
		78C996C02C6CDAB000F5B261 /* Assets.xcassets */ = {isa = PBXFileReference; lastKnownFileType = folder.assetcatalog; path = Assets.xcassets; sourceTree = "<group>"; };
		78C996C32C6CDAB000F5B261 /* Preview Assets.xcassets */ = {isa = PBXFileReference; lastKnownFileType = folder.assetcatalog; path = "Preview Assets.xcassets"; sourceTree = "<group>"; };
		78C996CB2C6CDB7100F5B261 /* CalculatorView.swift */ = {isa = PBXFileReference; lastKnownFileType = sourcecode.swift; path = CalculatorView.swift; sourceTree = "<group>"; };
		78C996CD2C6D934800F5B261 /* ResultView.swift */ = {isa = PBXFileReference; lastKnownFileType = sourcecode.swift; path = ResultView.swift; sourceTree = "<group>"; };
		78C996D02C6DAABE00F5B261 /* BMIModel.swift */ = {isa = PBXFileReference; lastKnownFileType = sourcecode.swift; path = BMIModel.swift; sourceTree = "<group>"; };
		78C996D22C6DB0AE00F5B261 /* BMRModel.swift */ = {isa = PBXFileReference; lastKnownFileType = sourcecode.swift; path = BMRModel.swift; sourceTree = "<group>"; };
		78C996D52C6DB4A300F5B261 /* CalculatorViewModel.swift */ = {isa = PBXFileReference; lastKnownFileType = sourcecode.swift; path = CalculatorViewModel.swift; sourceTree = "<group>"; };
/* End PBXFileReference section */

/* Begin PBXFrameworksBuildPhase section */
		78C996B62C6CDAAE00F5B261 /* Frameworks */ = {
			isa = PBXFrameworksBuildPhase;
			buildActionMask = 2147483647;
			files = (
			);
			runOnlyForDeploymentPostprocessing = 0;
		};
/* End PBXFrameworksBuildPhase section */

/* Begin PBXGroup section */
		78C996B02C6CDAAE00F5B261 = {
			isa = PBXGroup;
			children = (
				78C996BB2C6CDAAE00F5B261 /* BMI-BMR-CalculatorApp */,
				78C996BA2C6CDAAE00F5B261 /* Products */,
			);
			sourceTree = "<group>";
		};
		78C996BA2C6CDAAE00F5B261 /* Products */ = {
			isa = PBXGroup;
			children = (
				78C996B92C6CDAAE00F5B261 /* BMI-BMR-CalculatorApp.app */,
			);
			name = Products;
			sourceTree = "<group>";
		};
		78C996BB2C6CDAAE00F5B261 /* BMI-BMR-CalculatorApp */ = {
			isa = PBXGroup;
			children = (
				78C996D42C6DB47A00F5B261 /* ViewModel */,
				78C996CF2C6DAAA800F5B261 /* Model */,
				78C996CA2C6CDAF800F5B261 /* VIew */,
				78C996BC2C6CDAAE00F5B261 /* BMI_BMR_CalculatorAppApp.swift */,
				78C996C02C6CDAB000F5B261 /* Assets.xcassets */,
				78C996C22C6CDAB000F5B261 /* Preview Content */,
			);
			path = "BMI-BMR-CalculatorApp";
			sourceTree = "<group>";
		};
		78C996C22C6CDAB000F5B261 /* Preview Content */ = {
			isa = PBXGroup;
			children = (
				78C996C32C6CDAB000F5B261 /* Preview Assets.xcassets */,
			);
			path = "Preview Content";
			sourceTree = "<group>";
		};
		78C996CA2C6CDAF800F5B261 /* VIew */ = {
			isa = PBXGroup;
			children = (
				78C996BE2C6CDAAE00F5B261 /* ContentView.swift */,
				78C996CB2C6CDB7100F5B261 /* CalculatorView.swift */,
				78C996CD2C6D934800F5B261 /* ResultView.swift */,
			);
			path = VIew;
			sourceTree = "<group>";
		};
		78C996CF2C6DAAA800F5B261 /* Model */ = {
			isa = PBXGroup;
			children = (
				78C996D02C6DAABE00F5B261 /* BMIModel.swift */,
				78C996D22C6DB0AE00F5B261 /* BMRModel.swift */,
			);
			path = Model;
			sourceTree = "<group>";
		};
		78C996D42C6DB47A00F5B261 /* ViewModel */ = {
			isa = PBXGroup;
			children = (
				78C996D52C6DB4A300F5B261 /* CalculatorViewModel.swift */,
			);
			path = ViewModel;
			sourceTree = "<group>";
		};
/* End PBXGroup section */

/* Begin PBXNativeTarget section */
		78C996B82C6CDAAE00F5B261 /* BMI-BMR-CalculatorApp */ = {
			isa = PBXNativeTarget;
			buildConfigurationList = 78C996C72C6CDAB000F5B261 /* Build configuration list for PBXNativeTarget "BMI-BMR-CalculatorApp" */;
			buildPhases = (
				78C996B52C6CDAAE00F5B261 /* Sources */,
				78C996B62C6CDAAE00F5B261 /* Frameworks */,
				78C996B72C6CDAAE00F5B261 /* Resources */,
			);
			buildRules = (
			);
			dependencies = (
			);
			name = "BMI-BMR-CalculatorApp";
			productName = "BMI-BMR-CalculatorApp";
			productReference = 78C996B92C6CDAAE00F5B261 /* BMI-BMR-CalculatorApp.app */;
			productType = "com.apple.product-type.application";
		};
/* End PBXNativeTarget section */

/* Begin PBXProject section */
		78C996B12C6CDAAE00F5B261 /* Project object */ = {
			isa = PBXProject;
			attributes = {
				BuildIndependentTargetsInParallel = 1;
				LastSwiftUpdateCheck = 1500;
				LastUpgradeCheck = 1500;
				TargetAttributes = {
					78C996B82C6CDAAE00F5B261 = {
						CreatedOnToolsVersion = 15.0;
					};
				};
			};
			buildConfigurationList = 78C996B42C6CDAAE00F5B261 /* Build configuration list for PBXProject "BMI-BMR-CalculatorApp" */;
			compatibilityVersion = "Xcode 14.0";
			developmentRegion = en;
			hasScannedForEncodings = 0;
			knownRegions = (
				en,
				Base,
			);
			mainGroup = 78C996B02C6CDAAE00F5B261;
			productRefGroup = 78C996BA2C6CDAAE00F5B261 /* Products */;
			projectDirPath = "";
			projectRoot = "";
			targets = (
				78C996B82C6CDAAE00F5B261 /* BMI-BMR-CalculatorApp */,
			);
		};
/* End PBXProject section */

/* Begin PBXResourcesBuildPhase section */
		78C996B72C6CDAAE00F5B261 /* Resources */ = {
			isa = PBXResourcesBuildPhase;
			buildActionMask = 2147483647;
			files = (
				78C996C42C6CDAB000F5B261 /* Preview Assets.xcassets in Resources */,
				78C996C12C6CDAB000F5B261 /* Assets.xcassets in Resources */,
			);
			runOnlyForDeploymentPostprocessing = 0;
		};
/* End PBXResourcesBuildPhase section */

/* Begin PBXSourcesBuildPhase section */
		78C996B52C6CDAAE00F5B261 /* Sources */ = {
			isa = PBXSourcesBuildPhase;
			buildActionMask = 2147483647;
			files = (
				78C996D62C6DB4A300F5B261 /* CalculatorViewModel.swift in Sources */,
				78C996D12C6DAABE00F5B261 /* BMIModel.swift in Sources */,
				78C996D32C6DB0AE00F5B261 /* BMRModel.swift in Sources */,
				78C996BF2C6CDAAE00F5B261 /* ContentView.swift in Sources */,
				78C996CE2C6D934800F5B261 /* ResultView.swift in Sources */,
				78C996CC2C6CDB7100F5B261 /* CalculatorView.swift in Sources */,
				78C996BD2C6CDAAE00F5B261 /* BMI_BMR_CalculatorAppApp.swift in Sources */,
			);
			runOnlyForDeploymentPostprocessing = 0;
		};
/* End PBXSourcesBuildPhase section */

/* Begin XCBuildConfiguration section */
		78C996C52C6CDAB000F5B261 /* Debug */ = {
			isa = XCBuildConfiguration;
			buildSettings = {
				ALWAYS_SEARCH_USER_PATHS = NO;
				ASSETCATALOG_COMPILER_GENERATE_SWIFT_ASSET_SYMBOL_EXTENSIONS = YES;
				CLANG_ANALYZER_NONNULL = YES;
				CLANG_ANALYZER_NUMBER_OBJECT_CONVERSION = YES_AGGRESSIVE;
				CLANG_CXX_LANGUAGE_STANDARD = "gnu++20";
				CLANG_ENABLE_MODULES = YES;
				CLANG_ENABLE_OBJC_ARC = YES;
				CLANG_ENABLE_OBJC_WEAK = YES;
				CLANG_WARN_BLOCK_CAPTURE_AUTORELEASING = YES;
				CLANG_WARN_BOOL_CONVERSION = YES;
				CLANG_WARN_COMMA = YES;
				CLANG_WARN_CONSTANT_CONVERSION = YES;
				CLANG_WARN_DEPRECATED_OBJC_IMPLEMENTATIONS = YES;
				CLANG_WARN_DIRECT_OBJC_ISA_USAGE = YES_ERROR;
				CLANG_WARN_DOCUMENTATION_COMMENTS = YES;
				CLANG_WARN_EMPTY_BODY = YES;
				CLANG_WARN_ENUM_CONVERSION = YES;
				CLANG_WARN_INFINITE_RECURSION = YES;
				CLANG_WARN_INT_CONVERSION = YES;
				CLANG_WARN_NON_LITERAL_NULL_CONVERSION = YES;
				CLANG_WARN_OBJC_IMPLICIT_RETAIN_SELF = YES;
				CLANG_WARN_OBJC_LITERAL_CONVERSION = YES;
				CLANG_WARN_OBJC_ROOT_CLASS = YES_ERROR;
				CLANG_WARN_QUOTED_INCLUDE_IN_FRAMEWORK_HEADER = YES;
				CLANG_WARN_RANGE_LOOP_ANALYSIS = YES;
				CLANG_WARN_STRICT_PROTOTYPES = YES;
				CLANG_WARN_SUSPICIOUS_MOVE = YES;
				CLANG_WARN_UNGUARDED_AVAILABILITY = YES_AGGRESSIVE;
				CLANG_WARN_UNREACHABLE_CODE = YES;
				CLANG_WARN__DUPLICATE_METHOD_MATCH = YES;
				COPY_PHASE_STRIP = NO;
				DEBUG_INFORMATION_FORMAT = dwarf;
				ENABLE_STRICT_OBJC_MSGSEND = YES;
				ENABLE_TESTABILITY = YES;
				ENABLE_USER_SCRIPT_SANDBOXING = YES;
				GCC_C_LANGUAGE_STANDARD = gnu17;
				GCC_DYNAMIC_NO_PIC = NO;
				GCC_NO_COMMON_BLOCKS = YES;
				GCC_OPTIMIZATION_LEVEL = 0;
				GCC_PREPROCESSOR_DEFINITIONS = (
					"DEBUG=1",
					"$(inherited)",
				);
				GCC_WARN_64_TO_32_BIT_CONVERSION = YES;
				GCC_WARN_ABOUT_RETURN_TYPE = YES_ERROR;
				GCC_WARN_UNDECLARED_SELECTOR = YES;
				GCC_WARN_UNINITIALIZED_AUTOS = YES_AGGRESSIVE;
				GCC_WARN_UNUSED_FUNCTION = YES;
				GCC_WARN_UNUSED_VARIABLE = YES;
				IPHONEOS_DEPLOYMENT_TARGET = 17.0;
				LOCALIZATION_PREFERS_STRING_CATALOGS = YES;
				MTL_ENABLE_DEBUG_INFO = INCLUDE_SOURCE;
				MTL_FAST_MATH = YES;
				ONLY_ACTIVE_ARCH = YES;
				SDKROOT = iphoneos;
				SWIFT_ACTIVE_COMPILATION_CONDITIONS = "DEBUG $(inherited)";
				SWIFT_OPTIMIZATION_LEVEL = "-Onone";
			};
			name = Debug;
		};
		78C996C62C6CDAB000F5B261 /* Release */ = {
			isa = XCBuildConfiguration;
			buildSettings = {
				ALWAYS_SEARCH_USER_PATHS = NO;
				ASSETCATALOG_COMPILER_GENERATE_SWIFT_ASSET_SYMBOL_EXTENSIONS = YES;
				CLANG_ANALYZER_NONNULL = YES;
				CLANG_ANALYZER_NUMBER_OBJECT_CONVERSION = YES_AGGRESSIVE;
				CLANG_CXX_LANGUAGE_STANDARD = "gnu++20";
				CLANG_ENABLE_MODULES = YES;
				CLANG_ENABLE_OBJC_ARC = YES;
				CLANG_ENABLE_OBJC_WEAK = YES;
				CLANG_WARN_BLOCK_CAPTURE_AUTORELEASING = YES;
				CLANG_WARN_BOOL_CONVERSION = YES;
				CLANG_WARN_COMMA = YES;
				CLANG_WARN_CONSTANT_CONVERSION = YES;
				CLANG_WARN_DEPRECATED_OBJC_IMPLEMENTATIONS = YES;
				CLANG_WARN_DIRECT_OBJC_ISA_USAGE = YES_ERROR;
				CLANG_WARN_DOCUMENTATION_COMMENTS = YES;
				CLANG_WARN_EMPTY_BODY = YES;
				CLANG_WARN_ENUM_CONVERSION = YES;
				CLANG_WARN_INFINITE_RECURSION = YES;
				CLANG_WARN_INT_CONVERSION = YES;
				CLANG_WARN_NON_LITERAL_NULL_CONVERSION = YES;
				CLANG_WARN_OBJC_IMPLICIT_RETAIN_SELF = YES;
				CLANG_WARN_OBJC_LITERAL_CONVERSION = YES;
				CLANG_WARN_OBJC_ROOT_CLASS = YES_ERROR;
				CLANG_WARN_QUOTED_INCLUDE_IN_FRAMEWORK_HEADER = YES;
				CLANG_WARN_RANGE_LOOP_ANALYSIS = YES;
				CLANG_WARN_STRICT_PROTOTYPES = YES;
				CLANG_WARN_SUSPICIOUS_MOVE = YES;
				CLANG_WARN_UNGUARDED_AVAILABILITY = YES_AGGRESSIVE;
				CLANG_WARN_UNREACHABLE_CODE = YES;
				CLANG_WARN__DUPLICATE_METHOD_MATCH = YES;
				COPY_PHASE_STRIP = NO;
				DEBUG_INFORMATION_FORMAT = "dwarf-with-dsym";
				ENABLE_NS_ASSERTIONS = NO;
				ENABLE_STRICT_OBJC_MSGSEND = YES;
				ENABLE_USER_SCRIPT_SANDBOXING = YES;
				GCC_C_LANGUAGE_STANDARD = gnu17;
				GCC_NO_COMMON_BLOCKS = YES;
				GCC_WARN_64_TO_32_BIT_CONVERSION = YES;
				GCC_WARN_ABOUT_RETURN_TYPE = YES_ERROR;
				GCC_WARN_UNDECLARED_SELECTOR = YES;
				GCC_WARN_UNINITIALIZED_AUTOS = YES_AGGRESSIVE;
				GCC_WARN_UNUSED_FUNCTION = YES;
				GCC_WARN_UNUSED_VARIABLE = YES;
				IPHONEOS_DEPLOYMENT_TARGET = 17.0;
				LOCALIZATION_PREFERS_STRING_CATALOGS = YES;
				MTL_ENABLE_DEBUG_INFO = NO;
				MTL_FAST_MATH = YES;
				SDKROOT = iphoneos;
				SWIFT_COMPILATION_MODE = wholemodule;
				VALIDATE_PRODUCT = YES;
			};
			name = Release;
		};
		78C996C82C6CDAB000F5B261 /* Debug */ = {
			isa = XCBuildConfiguration;
			buildSettings = {
				ASSETCATALOG_COMPILER_APPICON_NAME = AppIcon;
				ASSETCATALOG_COMPILER_GLOBAL_ACCENT_COLOR_NAME = AccentColor;
				CODE_SIGN_STYLE = Automatic;
				CURRENT_PROJECT_VERSION = 1;
				DEVELOPMENT_ASSET_PATHS = "\"BMI-BMR-CalculatorApp/Preview Content\"";
				DEVELOPMENT_TEAM = 649X9UT2AK;
				ENABLE_PREVIEWS = YES;
				GENERATE_INFOPLIST_FILE = YES;
				INFOPLIST_KEY_UIApplicationSceneManifest_Generation = YES;
				INFOPLIST_KEY_UIApplicationSupportsIndirectInputEvents = YES;
				INFOPLIST_KEY_UILaunchScreen_Generation = YES;
				INFOPLIST_KEY_UISupportedInterfaceOrientations_iPad = "UIInterfaceOrientationPortrait UIInterfaceOrientationPortraitUpsideDown UIInterfaceOrientationLandscapeLeft UIInterfaceOrientationLandscapeRight";
				INFOPLIST_KEY_UISupportedInterfaceOrientations_iPhone = "UIInterfaceOrientationPortrait UIInterfaceOrientationLandscapeLeft UIInterfaceOrientationLandscapeRight";
				LD_RUNPATH_SEARCH_PATHS = (
					"$(inherited)",
					"@executable_path/Frameworks",
				);
				MARKETING_VERSION = 1.0;
				PRODUCT_BUNDLE_IDENTIFIER = "anikin02.BMI-BMR-CalculatorApp";
				PRODUCT_NAME = "$(TARGET_NAME)";
				SWIFT_EMIT_LOC_STRINGS = YES;
				SWIFT_VERSION = 5.0;
				TARGETED_DEVICE_FAMILY = "1,2";
			};
			name = Debug;
		};
		78C996C92C6CDAB000F5B261 /* Release */ = {
			isa = XCBuildConfiguration;
			buildSettings = {
				ASSETCATALOG_COMPILER_APPICON_NAME = AppIcon;
				ASSETCATALOG_COMPILER_GLOBAL_ACCENT_COLOR_NAME = AccentColor;
				CODE_SIGN_STYLE = Automatic;
				CURRENT_PROJECT_VERSION = 1;
				DEVELOPMENT_ASSET_PATHS = "\"BMI-BMR-CalculatorApp/Preview Content\"";
				DEVELOPMENT_TEAM = 649X9UT2AK;
				ENABLE_PREVIEWS = YES;
				GENERATE_INFOPLIST_FILE = YES;
				INFOPLIST_KEY_UIApplicationSceneManifest_Generation = YES;
				INFOPLIST_KEY_UIApplicationSupportsIndirectInputEvents = YES;
				INFOPLIST_KEY_UILaunchScreen_Generation = YES;
				INFOPLIST_KEY_UISupportedInterfaceOrientations_iPad = "UIInterfaceOrientationPortrait UIInterfaceOrientationPortraitUpsideDown UIInterfaceOrientationLandscapeLeft UIInterfaceOrientationLandscapeRight";
				INFOPLIST_KEY_UISupportedInterfaceOrientations_iPhone = "UIInterfaceOrientationPortrait UIInterfaceOrientationLandscapeLeft UIInterfaceOrientationLandscapeRight";
				LD_RUNPATH_SEARCH_PATHS = (
					"$(inherited)",
					"@executable_path/Frameworks",
				);
				MARKETING_VERSION = 1.0;
				PRODUCT_BUNDLE_IDENTIFIER = "anikin02.BMI-BMR-CalculatorApp";
				PRODUCT_NAME = "$(TARGET_NAME)";
				SWIFT_EMIT_LOC_STRINGS = YES;
				SWIFT_VERSION = 5.0;
				TARGETED_DEVICE_FAMILY = "1,2";
			};
			name = Release;
		};
/* End XCBuildConfiguration section */

/* Begin XCConfigurationList section */
		78C996B42C6CDAAE00F5B261 /* Build configuration list for PBXProject "BMI-BMR-CalculatorApp" */ = {
			isa = XCConfigurationList;
			buildConfigurations = (
				78C996C52C6CDAB000F5B261 /* Debug */,
				78C996C62C6CDAB000F5B261 /* Release */,
			);
			defaultConfigurationIsVisible = 0;
			defaultConfigurationName = Release;
		};
		78C996C72C6CDAB000F5B261 /* Build configuration list for PBXNativeTarget "BMI-BMR-CalculatorApp" */ = {
			isa = XCConfigurationList;
			buildConfigurations = (
				78C996C82C6CDAB000F5B261 /* Debug */,
				78C996C92C6CDAB000F5B261 /* Release */,
			);
			defaultConfigurationIsVisible = 0;
			defaultConfigurationName = Release;
		};
/* End XCConfigurationList section */
	};
	rootObject = 78C996B12C6CDAAE00F5B261 /* Project object */;
}
